<?xml version="1.0" encoding="utf-8"?>
<Project ToolsVersion="4.0" xmlns="http://schemas.microsoft.com/developer/msbuild/2003">
  <ItemGroup>
    <Filter Include="源文件">
      <UniqueIdentifier>{4FC737F1-C7A5-4376-A066-2A32D752A2FF}</UniqueIdentifier>
      <Extensions>cpp;c;cc;cxx;def;odl;idl;hpj;bat;asm;asmx</Extensions>
    </Filter>
    <Filter Include="头文件">
      <UniqueIdentifier>{93995380-89BD-4b04-88EB-625FBE52EBFB}</UniqueIdentifier>
      <Extensions>h;hh;hpp;hxx;hm;inl;inc;xsd</Extensions>
    </Filter>
    <Filter Include="资源文件">
      <UniqueIdentifier>{67DA6AB6-F800-4c08-8B7A-83BB121AAD01}</UniqueIdentifier>
      <Extensions>rc;ico;cur;bmp;dlg;rc2;rct;bin;rgs;gif;jpg;jpeg;jpe;resx;tiff;tif;png;wav;mfcribbon-ms</Extensions>
    </Filter>
  </ItemGroup>
  <ItemGroup>
    <ClInclude Include="OperateAccept.h">
      <Filter>头文件</Filter>
    </ClInclude>
    <ClInclude Include="DataModel.h">
      <Filter>头文件</Filter>
    </ClInclude>
    <ClInclude Include="ModelProcessor.h">
      <Filter>头文件</Filter>
    </ClInclude>
    <ClInclude Include="FileOperate.h">
      <Filter>头文件</Filter>
    </ClInclude>
    <ClInclude Include="..\ThirdPackage\tinystr.h">
      <Filter>头文件</Filter>
    </ClInclude>
    <ClInclude Include="..\ThirdPackage\tinyxml.h">
      <Filter>头文件</Filter>
    </ClInclude>
    <ClInclude Include="main.h">
      <Filter>头文件</Filter>
    </ClInclude>
    <ClInclude Include="BasicSupport.h">
      <Filter>头文件</Filter>
    </ClInclude>
    <ClInclude Include="StandardMacroDefined.h">
      <Filter>头文件</Filter>
    </ClInclude>
    <ClInclude Include="BranchManage.h">
      <Filter>头文件</Filter>
    </ClInclude>
    <ClInclude Include="BranchSymbo.h">
      <Filter>头文件</Filter>
    </ClInclude>
  </ItemGroup>
  <ItemGroup>
    <ClCompile Include="OperateAccept.cpp">
      <Filter>源文件</Filter>
    </ClCompile>
    <ClCompile Include="DataModel.cpp">
      <Filter>源文件</Filter>
    </ClCompile>
    <ClCompile Include="ModelProcessor.cpp">
      <Filter>源文件</Filter>
    </ClCompile>
    <ClCompile Include="FileOperate.cpp">
      <Filter>源文件</Filter>
    </ClCompile>
    <ClCompile Include="..\ThirdPackage\tinystr.cpp">
      <Filter>源文件</Filter>
    </ClCompile>
    <ClCompile Include="..\ThirdPackage\tinyxml.cpp">
      <Filter>源文件</Filter>
    </ClCompile>
    <ClCompile Include="..\ThirdPackage\tinyxmlerror.cpp">
      <Filter>源文件</Filter>
    </ClCompile>
    <ClCompile Include="..\ThirdPackage\tinyxmlparser.cpp">
      <Filter>源文件</Filter>
    </ClCompile>
    <ClCompile Include="main.cpp">
      <Filter>源文件</Filter>
    </ClCompile>
    <ClCompile Include="external.cpp">
      <Filter>源文件</Filter>
    </ClCompile>
    <ClCompile Include="BranchManage.cpp">
      <Filter>源文件</Filter>
    </ClCompile>
    <ClCompile Include="BranchSymbo.cpp">
      <Filter>源文件</Filter>
    </ClCompile>
  </ItemGroup>
</Project>